	// !$*UTF8*$!
	{
		archiveVersion = 1;
		classes = {
		};
		objectVersion = 56;
		objects = {

	/* Begin PBXBuildFile section */
		627E9FEC536CC622EE57F3A7 /* ClaudeSwitchApp.swift in Sources */ = {isa = PBXBuildFile; fileRef = 96C0FF1E76D609E9D576BDD9 /* ClaudeSwitchApp.swift */; };
		5FAF815AF3AD536A8E0CD0EE /* AppEnvironment.swift in Sources */ = {isa = PBXBuildFile; fileRef = A9DE6E3F6E2F31CE51FF29A8 /* AppEnvironment.swift */; };
		6F63C519CC44B13799429931 /* Provider.swift in Sources */ = {isa = PBXBuildFile; fileRef = EC0353EECE9336A9EAE23069 /* Provider.swift */; };
		8557202705D1592718BD12E6 /* AppState.swift in Sources */ = {isa = PBXBuildFile; fileRef = 544281D5BA0FFCAF96D205D1 /* AppState.swift */; };
		C993FDD7574387810D32E67D /* ProxyServer.swift in Sources */ = {isa = PBXBuildFile; fileRef = C109EACAA75A57B5136A898C /* ProxyServer.swift */; };
		9A94C8691C5F40C2D4E7E434 /* ClaudeDesktopManager.swift in Sources */ = {isa = PBXBuildFile; fileRef = F1A2A6598E44C9B9336B5FA0 /* ClaudeDesktopManager.swift */; };
		C1EA897DE0C8B5F2E7AD72F9 /* ModelRouteResolver.swift in Sources */ = {isa = PBXBuildFile; fileRef = 5C4C5AEB0F013358421AE703 /* ModelRouteResolver.swift */; };
		3C4D38A4F7E7EFD762C14953 /* PresetProviders.swift in Sources */ = {isa = PBXBuildFile; fileRef = 6E4520280F235CC66F2199C9 /* PresetProviders.swift */; };
		FC99E303CB523A4EE89649BA /* MainWindow.swift in Sources */ = {isa = PBXBuildFile; fileRef = 9D795D9F1B140AD2C993EF9D /* MainWindow.swift */; };
		BD7F40E3C9D887F64EBF5D93 /* MenuBarMenu.swift in Sources */ = {isa = PBXBuildFile; fileRef = 7854DB7406F840C394EAD56C /* MenuBarMenu.swift */; };
		46437CAE39F220BAAE5626CA /* DetailView.swift in Sources */ = {isa = PBXBuildFile; fileRef = 57B32C7047EB177F6C9C69C3 /* DetailView.swift */; };
		A5B41ADEFE5A66A8D697F2FF /* ConnectionStatusView.swift in Sources */ = {isa = PBXBuildFile; fileRef = F27CF315C4226F9EC9B74283 /* ConnectionStatusView.swift */; };
		9440496FA0F35A7F01EB5A80 /* ProviderListView.swift in Sources */ = {isa = PBXBuildFile; fileRef = 84ECCB796DF04D16C60189E1 /* ProviderListView.swift */; };
		DA794C8F0105F66C3BD78C0D /* SettingsView.swift in Sources */ = {isa = PBXBuildFile; fileRef = 226CDFB9A695ADD8A866B6A8 /* SettingsView.swift */; };
		84B5131C6FBB764681DBA82F /* Assets.xcassets in Resources */ = {isa = PBXBuildFile; fileRef = 2F54427305ECCD449BBCDCC8 /* Assets.xcassets */; };
	/* End PBXBuildFile section */

	/* Begin PBXFileReference section */
		96C0FF1E76D609E9D576BDD9 /* ClaudeSwitchApp.swift */ = {isa = PBXFileReference; lastKnownFileType = sourcecode.swift; path = "ClaudeSwitchApp.swift"; sourceTree = "<group>"; };
		A9DE6E3F6E2F31CE51FF29A8 /* AppEnvironment.swift */ = {isa = PBXFileReference; lastKnownFileType = sourcecode.swift; path = "AppEnvironment.swift"; sourceTree = "<group>"; };
		EC0353EECE9336A9EAE23069 /* Provider.swift */ = {isa = PBXFileReference; lastKnownFileType = sourcecode.swift; path = "Provider.swift"; sourceTree = "<group>"; };
		544281D5BA0FFCAF96D205D1 /* AppState.swift */ = {isa = PBXFileReference; lastKnownFileType = sourcecode.swift; path = "AppState.swift"; sourceTree = "<group>"; };
		C109EACAA75A57B5136A898C /* ProxyServer.swift */ = {isa = PBXFileReference; lastKnownFileType = sourcecode.swift; path = "ProxyServer.swift"; sourceTree = "<group>"; };
		F1A2A6598E44C9B9336B5FA0 /* ClaudeDesktopManager.swift */ = {isa = PBXFileReference; lastKnownFileType = sourcecode.swift; path = "ClaudeDesktopManager.swift"; sourceTree = "<group>"; };
		5C4C5AEB0F013358421AE703 /* ModelRouteResolver.swift */ = {isa = PBXFileReference; lastKnownFileType = sourcecode.swift; path = "ModelRouteResolver.swift"; sourceTree = "<group>"; };
		6E4520280F235CC66F2199C9 /* PresetProviders.swift */ = {isa = PBXFileReference; lastKnownFileType = sourcecode.swift; path = "PresetProviders.swift"; sourceTree = "<group>"; };
		9D795D9F1B140AD2C993EF9D /* MainWindow.swift */ = {isa = PBXFileReference; lastKnownFileType = sourcecode.swift; path = "MainWindow.swift"; sourceTree = "<group>"; };
		7854DB7406F840C394EAD56C /* MenuBarMenu.swift */ = {isa = PBXFileReference; lastKnownFileType = sourcecode.swift; path = "MenuBarMenu.swift"; sourceTree = "<group>"; };
		57B32C7047EB177F6C9C69C3 /* DetailView.swift */ = {isa = PBXFileReference; lastKnownFileType = sourcecode.swift; path = "DetailView.swift"; sourceTree = "<group>"; };
		F27CF315C4226F9EC9B74283 /* ConnectionStatusView.swift */ = {isa = PBXFileReference; lastKnownFileType = sourcecode.swift; path = "ConnectionStatusView.swift"; sourceTree = "<group>"; };
		84ECCB796DF04D16C60189E1 /* ProviderListView.swift */ = {isa = PBXFileReference; lastKnownFileType = sourcecode.swift; path = "ProviderListView.swift"; sourceTree = "<group>"; };
		226CDFB9A695ADD8A866B6A8 /* SettingsView.swift */ = {isa = PBXFileReference; lastKnownFileType = sourcecode.swift; path = "SettingsView.swift"; sourceTree = "<group>"; };
		E84893AA7BFE468AAE1AC0D8 /* Info.plist */ = {isa = PBXFileReference; lastKnownFileType = text.plist.xml; path = Info.plist; sourceTree = "<group>"; };
		90A96DDDCF4B1D77DC611104 /* ClaudeSwitch.entitlements */ = {isa = PBXFileReference; lastKnownFileType = text.plist.entitlements; path = ClaudeSwitch.entitlements; sourceTree = "<group>"; };
		2F54427305ECCD449BBCDCC8 /* Assets.xcassets */ = {isa = PBXFileReference; lastKnownFileType = folder.assetcatalog; path = Assets.xcassets; sourceTree = "<group>"; };
	/* End PBXFileReference section */

	/* Begin PBXFrameworksBuildPhase section */
		D14566B4D6DE91FFA1CF7A03 /* Frameworks */ = {
			isa = PBXFrameworksBuildPhase;
			buildActionMask = 2147483647;
			files = (
				84B5131C6FBB764681DBA82F /* Assets.xcassets in Resources */,
			);
			runOnlyForDeploymentPostprocessing = 0;
		};
	/* End PBXFrameworksBuildPhase section */

	/* Begin PBXGroup section */
		62BACCF6EA785BC14B8FC465 /* Models */ = {
			isa = PBXGroup;
			children = (
				EC0353EECE9336A9EAE23069 /* Provider.swift */,
			);
			path = Models;
			sourceTree = "<group>";
		};
		981979F17BBDA476D28AF3DF /* ViewModels */ = {
			isa = PBXGroup;
			children = (
				544281D5BA0FFCAF96D205D1 /* AppState.swift */,
			);
			path = ViewModels;
			sourceTree = "<group>";
		};
		F6B0529C1423D2C1D0130882 /* Views */ = {
			isa = PBXGroup;
			children = (
				9D795D9F1B140AD2C993EF9D /* MainWindow.swift */,
				7854DB7406F840C394EAD56C /* MenuBarMenu.swift */,
				57B32C7047EB177F6C9C69C3 /* DetailView.swift */,
				F27CF315C4226F9EC9B74283 /* ConnectionStatusView.swift */,
				84ECCB796DF04D16C60189E1 /* ProviderListView.swift */,
				226CDFB9A695ADD8A866B6A8 /* SettingsView.swift */,
			);
			path = Views;
			sourceTree = "<group>";
		};
		7A23E36CE8B21715FBDE515F /* Services */ = {
			isa = PBXGroup;
			children = (
				C109EACAA75A57B5136A898C /* ProxyServer.swift */,
				F1A2A6598E44C9B9336B5FA0 /* ClaudeDesktopManager.swift */,
				5C4C5AEB0F013358421AE703 /* ModelRouteResolver.swift */,
				6E4520280F235CC66F2199C9 /* PresetProviders.swift */,
			);
			path = Services;
			sourceTree = "<group>";
		};
		806BEA6D20B9BF31FD6DB9E0 /* ClaudeSwitch */ = {
			isa = PBXGroup;
			children = (
				96C0FF1E76D609E9D576BDD9 /* ClaudeSwitchApp.swift */,
				A9DE6E3F6E2F31CE51FF29A8 /* AppEnvironment.swift */,
				62BACCF6EA785BC14B8FC465 /* Models */,
				981979F17BBDA476D28AF3DF /* ViewModels */,
				F6B0529C1423D2C1D0130882 /* Views */,
				7A23E36CE8B21715FBDE515F /* Services */,
				2F54427305ECCD449BBCDCC8 /* Assets.xcassets */,
				E84893AA7BFE468AAE1AC0D8 /* Info.plist */,
				90A96DDDCF4B1D77DC611104 /* ClaudeSwitch.entitlements */,
			);
			path = ClaudeSwitch;
			sourceTree = "<group>";
		};
		A28668AB2BDCD1712566A391 = {
			isa = PBXGroup;
			children = (
				806BEA6D20B9BF31FD6DB9E0 /* ClaudeSwitch */,
			);
			sourceTree = "<group>";
		};
	/* End PBXGroup section */

	/* Begin PBXNativeTarget section */
		A1C7BF9FD4E3695403C3949C /* ClaudeSwitch */ = {
			isa = PBXNativeTarget;
			buildConfigurationList = D8CC89DDF8E649F5141D4E80 /* Build configuration list for PBXNativeTarget "ClaudeSwitch" */;
			buildPhases = (
				8B32D85A543F6492359851F1 /* Sources */,
				D14566B4D6DE91FFA1CF7A03 /* Frameworks */,
				F45CA503CD64EB3098CBBDE3 /* Resources */,
			);
			buildRules = (
			);
			dependencies = (
			);
			name = ClaudeSwitch;
			productName = ClaudeSwitch;
			productReference = 9112DDBE12A918B7BF5404A5 /* ClaudeSwitch.app */;
			productType = "com.apple.product-type.application";
		};
	/* End PBXNativeTarget section */

	/* Begin PBXProject section */
		A1283904160084C5162228C2 /* Project object */ = {
			isa = PBXProject;
			attributes = {
				BuildIndependentTargetsInParallel = 1;
				LastSwiftUpdateCheck = 1500;
				LastUpgradeCheck = 1500;
				TargetAttributes = {
					A1C7BF9FD4E3695403C3949C = {
						CreatedOnToolsVersion = 15.0;
					};
				};
			};
			buildConfigurationList = 9522F3236682A4917E053C30 /* Build configuration list for PBXProject "ClaudeSwitch" */;
			compatibilityVersion = "Xcode 14.0";
			developmentRegion = en;
			hasScannedForEncodings = 0;
			knownRegions = (
				en,
				Base,
			);
			mainGroup = A28668AB2BDCD1712566A391;
			productRefGroup = 806BEA6D20B9BF31FD6DB9E0 /* ClaudeSwitch */;
			projectDirPath = "";
			projectRoot = "";
			targets = (
				A1C7BF9FD4E3695403C3949C /* ClaudeSwitch */,
			);
		};
	/* End PBXProject section */

	/* Begin PBXResourcesBuildPhase section */
		F45CA503CD64EB3098CBBDE3 /* Resources */ = {
			isa = PBXResourcesBuildPhase;
			buildActionMask = 2147483647;
			files = (
				84B5131C6FBB764681DBA82F /* Assets.xcassets in Resources */,
			);
			runOnlyForDeploymentPostprocessing = 0;
		};
	/* End PBXResourcesBuildPhase section */

	/* Begin PBXSourcesBuildPhase section */
		8B32D85A543F6492359851F1 /* Sources */ = {
			isa = PBXSourcesBuildPhase;
			buildActionMask = 2147483647;
			files = (
				84B5131C6FBB764681DBA82F /* Assets.xcassets in Resources */,
				627E9FEC536CC622EE57F3A7 /* ClaudeSwitchApp.swift in Sources */,
				5FAF815AF3AD536A8E0CD0EE /* AppEnvironment.swift in Sources */,
				6F63C519CC44B13799429931 /* Provider.swift in Sources */,
				8557202705D1592718BD12E6 /* AppState.swift in Sources */,
				C993FDD7574387810D32E67D /* ProxyServer.swift in Sources */,
				9A94C8691C5F40C2D4E7E434 /* ClaudeDesktopManager.swift in Sources */,
				C1EA897DE0C8B5F2E7AD72F9 /* ModelRouteResolver.swift in Sources */,
				3C4D38A4F7E7EFD762C14953 /* PresetProviders.swift in Sources */,
				FC99E303CB523A4EE89649BA /* MainWindow.swift in Sources */,
				BD7F40E3C9D887F64EBF5D93 /* MenuBarMenu.swift in Sources */,
				46437CAE39F220BAAE5626CA /* DetailView.swift in Sources */,
				A5B41ADEFE5A66A8D697F2FF /* ConnectionStatusView.swift in Sources */,
				9440496FA0F35A7F01EB5A80 /* ProviderListView.swift in Sources */,
				DA794C8F0105F66C3BD78C0D /* SettingsView.swift in Sources */,
			);
			runOnlyForDeploymentPostprocessing = 0;
		};
	/* End PBXSourcesBuildPhase section */

	/* Begin XCBuildConfiguration section */
		F746830619AECB3406E7E6F1 /* Debug */ = {
			isa = XCBuildConfiguration;
			buildSettings = {
				ALWAYS_SEARCH_USER_PATHS = "NO";
				ASSETCATALOG_COMPILER_GENERATE_SWIFT_ASSET_SYMBOL_EXTENSIONS = "YES";
				CLANG_ANALYZER_NONNULL = "YES";
				CLANG_ANALYZER_NUMBER_OBJECT_CONVERSION = "YES_AGGRESSIVE";
				CLANG_CXX_LANGUAGE_STANDARD = "gnu++20";
				CLANG_ENABLE_MODULES = "YES";
				CLANG_ENABLE_OBJC_ARC = "YES";
				CLANG_ENABLE_OBJC_WEAK = "YES";
				CLANG_WARN_BLOCK_CAPTURE_AUTORELEASING = "YES";
				CLANG_WARN_BOOL_CONVERSION = "YES";
				CLANG_WARN_COMMA = "YES";
				CLANG_WARN_CONSTANT_CONVERSION = "YES";
				CLANG_WARN_DEPRECATED_OBJC_IMPLEMENTATIONS = "YES";
				CLANG_WARN_DIRECT_OBJC_ISA_USAGE = "YES_ERROR";
				CLANG_WARN_DOCUMENTATION_COMMENTS = "YES";
				CLANG_WARN_EMPTY_BODY = "YES";
				CLANG_WARN_ENUM_CONVERSION = "YES";
				CLANG_WARN_INFINITE_RECURSION = "YES";
				CLANG_WARN_INT_CONVERSION = "YES";
				CLANG_WARN_NON_LITERAL_NULL_CONVERSION = "YES";
				CLANG_WARN_OBJC_IMPLICIT_RETAIN_SELF = "YES";
				CLANG_WARN_OBJC_LITERAL_CONVERSION = "YES";
				CLANG_WARN_OBJC_ROOT_CLASS = "YES_ERROR";
				CLANG_WARN_QUOTED_INCLUDE_IN_FRAMEWORK_HEADER = "YES";
				CLANG_WARN_RANGE_LOOP_ANALYSIS = "YES";
				CLANG_WARN_STRICT_PROTOTYPES = "YES";
				CLANG_WARN_SUSPICIOUS_MOVE = "YES";
				CLANG_WARN_UNGUARDED_AVAILABILITY = "YES_AGGRESSIVE";
				CLANG_WARN_UNREACHABLE_CODE = "YES";
				CLANG_WARN__DUPLICATE_METHOD_MATCH = "YES";
				COPY_PHASE_STRIP = "NO";
				DEBUG_INFORMATION_FORMAT = "dwarf";
				ENABLE_STRICT_OBJC_MSGSEND = "YES";
				ENABLE_TESTABILITY = "YES";
				ENABLE_USER_SCRIPT_SANDBOXING = "YES";
				GCC_C_LANGUAGE_STANDARD = "gnu17";
				GCC_DYNAMIC_NO_PIC = "NO";
				GCC_NO_COMMON_BLOCKS = "YES";
				GCC_OPTIMIZATION_LEVEL = "0";
				GCC_PREPROCESSOR_DEFINITIONS = (
					"DEBUG=1",
					"$(inherited)",
				);
				GCC_WARN_64_TO_32_BIT_CONVERSION = "YES";
				GCC_WARN_ABOUT_RETURN_TYPE = "YES_ERROR";
				GCC_WARN_UNDECLARED_SELECTOR = "YES";
				GCC_WARN_UNINITIALIZED_AUTOS = "YES_AGGRESSIVE";
				GCC_WARN_UNUSED_FUNCTION = "YES";
				GCC_WARN_UNUSED_VARIABLE = "YES";
				MACOSX_DEPLOYMENT_TARGET = "13.0";
				MTL_ENABLE_DEBUG_INFO = "INCLUDE_SOURCE";
				MTL_FAST_MATH = "YES";
				ONLY_ACTIVE_ARCH = "YES";
				SDKROOT = "macosx";
				SWIFT_ACTIVE_COMPILATION_CONDITIONS = "DEBUG $(inherited)";
				SWIFT_OPTIMIZATION_LEVEL = "-Onone";
				SWIFT_VERSION = "5.0";
			};
			name = Debug;
		};
		F709E509ECECDE72189EE5A6 /* Release */ = {
			isa = XCBuildConfiguration;
			buildSettings = {
				ALWAYS_SEARCH_USER_PATHS = "NO";
				ASSETCATALOG_COMPILER_GENERATE_SWIFT_ASSET_SYMBOL_EXTENSIONS = "YES";
				CLANG_ANALYZER_NONNULL = "YES";
				CLANG_ANALYZER_NUMBER_OBJECT_CONVERSION = "YES_AGGRESSIVE";
				CLANG_CXX_LANGUAGE_STANDARD = "gnu++20";
				CLANG_ENABLE_MODULES = "YES";
				CLANG_ENABLE_OBJC_ARC = "YES";
				CLANG_ENABLE_OBJC_WEAK = "YES";
				CLANG_WARN_BLOCK_CAPTURE_AUTORELEASING = "YES";
				CLANG_WARN_BOOL_CONVERSION = "YES";
				CLANG_WARN_COMMA = "YES";
				CLANG_WARN_CONSTANT_CONVERSION = "YES";
				CLANG_WARN_DEPRECATED_OBJC_IMPLEMENTATIONS = "YES";
				CLANG_WARN_DIRECT_OBJC_ISA_USAGE = "YES_ERROR";
				CLANG_WARN_DOCUMENTATION_COMMENTS = "YES";
				CLANG_WARN_EMPTY_BODY = "YES";
				CLANG_WARN_ENUM_CONVERSION = "YES";
				CLANG_WARN_INFINITE_RECURSION = "YES";
				CLANG_WARN_INT_CONVERSION = "YES";
				CLANG_WARN_NON_LITERAL_NULL_CONVERSION = "YES";
				CLANG_WARN_OBJC_IMPLICIT_RETAIN_SELF = "YES";
				CLANG_WARN_OBJC_LITERAL_CONVERSION = "YES";
				CLANG_WARN_OBJC_ROOT_CLASS = "YES_ERROR";
				CLANG_WARN_QUOTED_INCLUDE_IN_FRAMEWORK_HEADER = "YES";
				CLANG_WARN_RANGE_LOOP_ANALYSIS = "YES";
				CLANG_WARN_STRICT_PROTOTYPES = "YES";
				CLANG_WARN_SUSPICIOUS_MOVE = "YES";
				CLANG_WARN_UNGUARDED_AVAILABILITY = "YES_AGGRESSIVE";
				CLANG_WARN_UNREACHABLE_CODE = "YES";
				CLANG_WARN__DUPLICATE_METHOD_MATCH = "YES";
				COPY_PHASE_STRIP = "NO";
				DEBUG_INFORMATION_FORMAT = "dwarf-with-dsym";
				ENABLE_STRICT_OBJC_MSGSEND = "YES";
				ENABLE_USER_SCRIPT_SANDBOXING = "YES";
				GCC_C_LANGUAGE_STANDARD = "gnu17";
				GCC_NO_COMMON_BLOCKS = "YES";
				GCC_PREPROCESSOR_DEFINITIONS = (
					"DEBUG=1",
					"$(inherited)",
				);
				GCC_WARN_64_TO_32_BIT_CONVERSION = "YES";
				GCC_WARN_ABOUT_RETURN_TYPE = "YES_ERROR";
				GCC_WARN_UNDECLARED_SELECTOR = "YES";
				GCC_WARN_UNINITIALIZED_AUTOS = "YES_AGGRESSIVE";
				GCC_WARN_UNUSED_FUNCTION = "YES";
				GCC_WARN_UNUSED_VARIABLE = "YES";
				MACOSX_DEPLOYMENT_TARGET = "13.0";
				MTL_ENABLE_DEBUG_INFO = "NO";
				MTL_FAST_MATH = "YES";
				ONLY_ACTIVE_ARCH = "YES";
				SDKROOT = "macosx";
				SWIFT_OPTIMIZATION_LEVEL = "-O";
				SWIFT_VERSION = "5.0";
				ENABLE_NS_ASSERTIONS = "NO";
				SWIFT_COMPILATION_MODE = "wholemodule";
				SWIFT_ACTIVE_COMPILATION_CONDITIONS = "$(inherited)";
			};
			name = Release;
		};
		806436CCCBA4890A5A167555 /* Debug */ = {
			isa = XCBuildConfiguration;
			buildSettings = {
				ASSETCATALOG_COMPILER_APPICON_NAME = "AppIcon";
				CODE_SIGN_ENTITLEMENTS = "ClaudeSwitch/ClaudeSwitch.entitlements";
				CODE_SIGN_STYLE = "Manual";
				COMBINE_HIDPI_IMAGES = "YES";
				CURRENT_PROJECT_VERSION = "1";
				DEVELOPMENT_TEAM = "";
				ENABLE_HARDENED_RUNTIME = "YES";
				GENERATE_INFOPLIST_FILE = "NO";
				INFOPLIST_FILE = "ClaudeSwitch/Info.plist";
				INFOPLIST_KEY_NSHumanReadableCopyright = "";
				LD_RUNPATH_SEARCH_PATHS = (
					"$(inherited)",
					"@executable_path/../Frameworks",
				);
				MACOSX_DEPLOYMENT_TARGET = "13.0";
				MARKETING_VERSION = "1.1.1";
				PRODUCT_BUNDLE_IDENTIFIER = "com.claude.switch";
				PRODUCT_NAME = "$(TARGET_NAME)";
				SWIFT_EMIT_LOC_STRINGS = "YES";
				SWIFT_VERSION = "5.0";
			};
			name = Debug;
		};
		B6EFA9AFC4EDDF6504A96302 /* Release */ = {
			isa = XCBuildConfiguration;
			buildSettings = {
				ASSETCATALOG_COMPILER_APPICON_NAME = "AppIcon";
				CODE_SIGN_ENTITLEMENTS = "ClaudeSwitch/ClaudeSwitch.entitlements";
				CODE_SIGN_STYLE = "Manual";
				COMBINE_HIDPI_IMAGES = "YES";
				CURRENT_PROJECT_VERSION = "1";
				DEVELOPMENT_TEAM = "";
				ENABLE_HARDENED_RUNTIME = "YES";
				GENERATE_INFOPLIST_FILE = "NO";
				INFOPLIST_FILE = "ClaudeSwitch/Info.plist";
				INFOPLIST_KEY_NSHumanReadableCopyright = "";
				LD_RUNPATH_SEARCH_PATHS = (
					"$(inherited)",
					"@executable_path/../Frameworks",
				);
				MACOSX_DEPLOYMENT_TARGET = "13.0";
				MARKETING_VERSION = "1.1.1";
				PRODUCT_BUNDLE_IDENTIFIER = "com.claude.switch";
				PRODUCT_NAME = "$(TARGET_NAME)";
				SWIFT_EMIT_LOC_STRINGS = "YES";
				SWIFT_VERSION = "5.0";
			};
			name = Release;
		};
	/* End XCBuildConfiguration section */

	/* Begin XCConfigurationList section */
		9522F3236682A4917E053C30 /* Build configuration list for PBXProject "ClaudeSwitch" */ = {
			isa = XCConfigurationList;
			buildConfigurations = (
				F746830619AECB3406E7E6F1 /* Debug */,
				F709E509ECECDE72189EE5A6 /* Release */,
			);
			defaultConfigurationIsVisible = 0;
			defaultConfigurationName = Release;
		};
		D8CC89DDF8E649F5141D4E80 /* Build configuration list for PBXNativeTarget "ClaudeSwitch" */ = {
			isa = XCConfigurationList;
			buildConfigurations = (
				806436CCCBA4890A5A167555 /* Debug */,
				B6EFA9AFC4EDDF6504A96302 /* Release */,
			);
			defaultConfigurationIsVisible = 0;
			defaultConfigurationName = Release;
		};
	/* End XCConfigurationList section */
		};
		rootObject = A1283904160084C5162228C2 /* Project object */;
	}
